// !$*UTF8*$!
{
	archiveVersion = 1;
	classes = {
	};
	objectVersion = 50;
	objects = {

/* Begin PBXBuildFile section */
		F924B9E22350C217004612B5 /* DBService.swift in Sources */ = {isa = PBXBuildFile; fileRef = F924B9E12350C217004612B5 /* DBService.swift */; };
		F94116E72348A54400E8825C /* CurrencyCountryViewController.swift in Sources */ = {isa = PBXBuildFile; fileRef = F94116E62348A54400E8825C /* CurrencyCountryViewController.swift */; };
		F94116EA2348A7D500E8825C /* CurrencyCountryModel.swift in Sources */ = {isa = PBXBuildFile; fileRef = F94116E92348A7D500E8825C /* CurrencyCountryModel.swift */; };
		F94116F02348A97700E8825C /* NetworkRouter.swift in Sources */ = {isa = PBXBuildFile; fileRef = F94116EF2348A97700E8825C /* NetworkRouter.swift */; };
		F94116F22348A99B00E8825C /* NetworkManager.swift in Sources */ = {isa = PBXBuildFile; fileRef = F94116F12348A99B00E8825C /* NetworkManager.swift */; };
		F94116F52348A9F300E8825C /* Helper.swift in Sources */ = {isa = PBXBuildFile; fileRef = F94116F42348A9F300E8825C /* Helper.swift */; };
		F94116F82348B02300E8825C /* CurrencyCountryViewModel.swift in Sources */ = {isa = PBXBuildFile; fileRef = F94116F72348B02300E8825C /* CurrencyCountryViewModel.swift */; };
		F94116FA2348C40700E8825C /* currencies.json in Resources */ = {isa = PBXBuildFile; fileRef = F94116F92348C40700E8825C /* currencies.json */; };
		F94116FC2348CFC700E8825C /* ProgressIndicator.swift in Sources */ = {isa = PBXBuildFile; fileRef = F94116FB2348CFC700E8825C /* ProgressIndicator.swift */; };
		F94116FE2348DC6C00E8825C /* Constant.swift in Sources */ = {isa = PBXBuildFile; fileRef = F94116FD2348DC6C00E8825C /* Constant.swift */; };
		F94117002348F2B200E8825C /* Roboto-Regular.ttf in Resources */ = {isa = PBXBuildFile; fileRef = F94116FF2348F2B200E8825C /* Roboto-Regular.ttf */; };
		F94117032349087F00E8825C /* CurrencyConverterCell.swift in Sources */ = {isa = PBXBuildFile; fileRef = F94117022349087F00E8825C /* CurrencyConverterCell.swift */; };
		F941170523491EB700E8825C /* RateConverterModel.swift in Sources */ = {isa = PBXBuildFile; fileRef = F941170423491EB700E8825C /* RateConverterModel.swift */; };
		F94117072349205500E8825C /* RateConverterViewModel.swift in Sources */ = {isa = PBXBuildFile; fileRef = F94117062349205500E8825C /* RateConverterViewModel.swift */; };
		F95D0C3A23488F76004A44EF /* CurrencyConverterViewController.swift in Sources */ = {isa = PBXBuildFile; fileRef = F95D0C3923488F76004A44EF /* CurrencyConverterViewController.swift */; };
		F95D0C3D23489041004A44EF /* SceneDelegate.swift in Sources */ = {isa = PBXBuildFile; fileRef = F95D0C3C23489041004A44EF /* SceneDelegate.swift */; };
		F9788AC42351E84800BC884C /* RevoultTestTests.swift in Sources */ = {isa = PBXBuildFile; fileRef = F9788AC32351E84800BC884C /* RevoultTestTests.swift */; };
		F99EA9C12349E67D004999D4 /* RateConverterCell.swift in Sources */ = {isa = PBXBuildFile; fileRef = F99EA9BF2349E67D004999D4 /* RateConverterCell.swift */; };
		F99EA9C22349E67D004999D4 /* RateConverterCell.xib in Resources */ = {isa = PBXBuildFile; fileRef = F99EA9C02349E67D004999D4 /* RateConverterCell.xib */; };
		F9E20D89234886930068EBB4 /* AppDelegate.swift in Sources */ = {isa = PBXBuildFile; fileRef = F9E20D88234886930068EBB4 /* AppDelegate.swift */; };
		F9E20D90234886930068EBB4 /* Main.storyboard in Resources */ = {isa = PBXBuildFile; fileRef = F9E20D8E234886930068EBB4 /* Main.storyboard */; };
		F9E20D93234886930068EBB4 /* RevoultTest.xcdatamodeld in Sources */ = {isa = PBXBuildFile; fileRef = F9E20D91234886930068EBB4 /* RevoultTest.xcdatamodeld */; };
		F9E20D95234886950068EBB4 /* Assets.xcassets in Resources */ = {isa = PBXBuildFile; fileRef = F9E20D94234886950068EBB4 /* Assets.xcassets */; };
		F9E20D98234886960068EBB4 /* LaunchScreen.storyboard in Resources */ = {isa = PBXBuildFile; fileRef = F9E20D96234886960068EBB4 /* LaunchScreen.storyboard */; };
/* End PBXBuildFile section */

/* Begin PBXContainerItemProxy section */
		F9788AC62351E84800BC884C /* PBXContainerItemProxy */ = {
			isa = PBXContainerItemProxy;
			containerPortal = F9E20D7D234886930068EBB4 /* Project object */;
			proxyType = 1;
			remoteGlobalIDString = F9E20D84234886930068EBB4;
			remoteInfo = RevoultTest;
		};
/* End PBXContainerItemProxy section */

/* Begin PBXFileReference section */
		F924B9E12350C217004612B5 /* DBService.swift */ = {isa = PBXFileReference; lastKnownFileType = sourcecode.swift; path = DBService.swift; sourceTree = "<group>"; };
		F94116E62348A54400E8825C /* CurrencyCountryViewController.swift */ = {isa = PBXFileReference; lastKnownFileType = sourcecode.swift; path = CurrencyCountryViewController.swift; sourceTree = "<group>"; };
		F94116E92348A7D500E8825C /* CurrencyCountryModel.swift */ = {isa = PBXFileReference; lastKnownFileType = sourcecode.swift; path = CurrencyCountryModel.swift; sourceTree = "<group>"; };
		F94116EF2348A97700E8825C /* NetworkRouter.swift */ = {isa = PBXFileReference; lastKnownFileType = sourcecode.swift; path = NetworkRouter.swift; sourceTree = "<group>"; };
		F94116F12348A99B00E8825C /* NetworkManager.swift */ = {isa = PBXFileReference; lastKnownFileType = sourcecode.swift; path = NetworkManager.swift; sourceTree = "<group>"; };
		F94116F42348A9F300E8825C /* Helper.swift */ = {isa = PBXFileReference; lastKnownFileType = sourcecode.swift; path = Helper.swift; sourceTree = "<group>"; };
		F94116F72348B02300E8825C /* CurrencyCountryViewModel.swift */ = {isa = PBXFileReference; lastKnownFileType = sourcecode.swift; path = CurrencyCountryViewModel.swift; sourceTree = "<group>"; };
		F94116F92348C40700E8825C /* currencies.json */ = {isa = PBXFileReference; fileEncoding = 4; lastKnownFileType = text.json; path = currencies.json; sourceTree = "<group>"; };
		F94116FB2348CFC700E8825C /* ProgressIndicator.swift */ = {isa = PBXFileReference; lastKnownFileType = sourcecode.swift; path = ProgressIndicator.swift; sourceTree = "<group>"; };
		F94116FD2348DC6C00E8825C /* Constant.swift */ = {isa = PBXFileReference; lastKnownFileType = sourcecode.swift; path = Constant.swift; sourceTree = "<group>"; };
		F94116FF2348F2B200E8825C /* Roboto-Regular.ttf */ = {isa = PBXFileReference; lastKnownFileType = file; path = "Roboto-Regular.ttf"; sourceTree = "<group>"; };
		F94117022349087F00E8825C /* CurrencyConverterCell.swift */ = {isa = PBXFileReference; lastKnownFileType = sourcecode.swift; path = CurrencyConverterCell.swift; sourceTree = "<group>"; };
		F941170423491EB700E8825C /* RateConverterModel.swift */ = {isa = PBXFileReference; lastKnownFileType = sourcecode.swift; path = RateConverterModel.swift; sourceTree = "<group>"; };
		F94117062349205500E8825C /* RateConverterViewModel.swift */ = {isa = PBXFileReference; lastKnownFileType = sourcecode.swift; path = RateConverterViewModel.swift; sourceTree = "<group>"; };
		F95D0C3923488F76004A44EF /* CurrencyConverterViewController.swift */ = {isa = PBXFileReference; lastKnownFileType = sourcecode.swift; path = CurrencyConverterViewController.swift; sourceTree = "<group>"; };
		F95D0C3C23489041004A44EF /* SceneDelegate.swift */ = {isa = PBXFileReference; fileEncoding = 4; lastKnownFileType = sourcecode.swift; path = SceneDelegate.swift; sourceTree = "<group>"; };
		F9788AC12351E84800BC884C /* RevoultTestTests.xctest */ = {isa = PBXFileReference; explicitFileType = wrapper.cfbundle; includeInIndex = 0; path = RevoultTestTests.xctest; sourceTree = BUILT_PRODUCTS_DIR; };
		F9788AC32351E84800BC884C /* RevoultTestTests.swift */ = {isa = PBXFileReference; lastKnownFileType = sourcecode.swift; path = RevoultTestTests.swift; sourceTree = "<group>"; };
		F9788AC52351E84800BC884C /* Info.plist */ = {isa = PBXFileReference; lastKnownFileType = text.plist.xml; path = Info.plist; sourceTree = "<group>"; };
		F99EA9BF2349E67D004999D4 /* RateConverterCell.swift */ = {isa = PBXFileReference; lastKnownFileType = sourcecode.swift; path = RateConverterCell.swift; sourceTree = "<group>"; };
		F99EA9C02349E67D004999D4 /* RateConverterCell.xib */ = {isa = PBXFileReference; lastKnownFileType = file.xib; path = RateConverterCell.xib; sourceTree = "<group>"; };
		F9E20D85234886930068EBB4 /* RevoultTest.app */ = {isa = PBXFileReference; explicitFileType = wrapper.application; includeInIndex = 0; path = RevoultTest.app; sourceTree = BUILT_PRODUCTS_DIR; };
		F9E20D88234886930068EBB4 /* AppDelegate.swift */ = {isa = PBXFileReference; lastKnownFileType = sourcecode.swift; path = AppDelegate.swift; sourceTree = "<group>"; };
		F9E20D8F234886930068EBB4 /* Base */ = {isa = PBXFileReference; lastKnownFileType = file.storyboard; name = Base; path = Base.lproj/Main.storyboard; sourceTree = "<group>"; };
		F9E20D92234886930068EBB4 /* RevoultTest.xcdatamodel */ = {isa = PBXFileReference; lastKnownFileType = wrapper.xcdatamodel; path = RevoultTest.xcdatamodel; sourceTree = "<group>"; };
		F9E20D94234886950068EBB4 /* Assets.xcassets */ = {isa = PBXFileReference; lastKnownFileType = folder.assetcatalog; path = Assets.xcassets; sourceTree = "<group>"; };
		F9E20D97234886960068EBB4 /* Base */ = {isa = PBXFileReference; lastKnownFileType = file.storyboard; name = Base; path = Base.lproj/LaunchScreen.storyboard; sourceTree = "<group>"; };
		F9E20D99234886960068EBB4 /* Info.plist */ = {isa = PBXFileReference; lastKnownFileType = text.plist.xml; path = Info.plist; sourceTree = "<group>"; };
/* End PBXFileReference section */

/* Begin PBXFrameworksBuildPhase section */
		F9788ABE2351E84800BC884C /* Frameworks */ = {
			isa = PBXFrameworksBuildPhase;
			buildActionMask = 2147483647;
			files = (
			);
			runOnlyForDeploymentPostprocessing = 0;
		};
		F9E20D82234886930068EBB4 /* Frameworks */ = {
			isa = PBXFrameworksBuildPhase;
			buildActionMask = 2147483647;
			files = (
			);
			runOnlyForDeploymentPostprocessing = 0;
		};
/* End PBXFrameworksBuildPhase section */

/* Begin PBXGroup section */
		F94116E82348A7B400E8825C /* Model */ = {
			isa = PBXGroup;
			children = (
				F94116E92348A7D500E8825C /* CurrencyCountryModel.swift */,
				F941170423491EB700E8825C /* RateConverterModel.swift */,
			);
			path = Model;
			sourceTree = "<group>";
		};
		F94116F32348A9E600E8825C /* Helper */ = {
			isa = PBXGroup;
			children = (
				F94116FF2348F2B200E8825C /* Roboto-Regular.ttf */,
				F94116F42348A9F300E8825C /* Helper.swift */,
				F94116FB2348CFC700E8825C /* ProgressIndicator.swift */,
				F94116FD2348DC6C00E8825C /* Constant.swift */,
			);
			path = Helper;
			sourceTree = "<group>";
		};
		F94116F62348AFAE00E8825C /* ViewModel */ = {
			isa = PBXGroup;
			children = (
				F94116F72348B02300E8825C /* CurrencyCountryViewModel.swift */,
				F94117062349205500E8825C /* RateConverterViewModel.swift */,
			);
			path = ViewModel;
			sourceTree = "<group>";
		};
		F94117012349085600E8825C /* Cell */ = {
			isa = PBXGroup;
			children = (
				F94117022349087F00E8825C /* CurrencyConverterCell.swift */,
				F99EA9BF2349E67D004999D4 /* RateConverterCell.swift */,
				F99EA9C02349E67D004999D4 /* RateConverterCell.xib */,
			);
			path = Cell;
			sourceTree = "<group>";
		};
		F95D0C382348882A004A44EF /* Services */ = {
			isa = PBXGroup;
			children = (
				F94116EF2348A97700E8825C /* NetworkRouter.swift */,
				F94116F12348A99B00E8825C /* NetworkManager.swift */,
				F924B9E12350C217004612B5 /* DBService.swift */,
			);
			path = Services;
			sourceTree = "<group>";
		};
		F95D0C3B23488F7D004A44EF /* Controllers */ = {
			isa = PBXGroup;
			children = (
				F95D0C3923488F76004A44EF /* CurrencyConverterViewController.swift */,
				F94116E62348A54400E8825C /* CurrencyCountryViewController.swift */,
			);
			path = Controllers;
			sourceTree = "<group>";
		};
		F9788AC22351E84800BC884C /* RevoultTestTests */ = {
			isa = PBXGroup;
			children = (
				F9788AC32351E84800BC884C /* RevoultTestTests.swift */,
				F9788AC52351E84800BC884C /* Info.plist */,
			);
			path = RevoultTestTests;
			sourceTree = "<group>";
		};
		F9E20D7C234886930068EBB4 = {
			isa = PBXGroup;
			children = (
				F9E20D87234886930068EBB4 /* RevoultTest */,
				F9788AC22351E84800BC884C /* RevoultTestTests */,
				F9E20D86234886930068EBB4 /* Products */,
			);
			sourceTree = "<group>";
		};
		F9E20D86234886930068EBB4 /* Products */ = {
			isa = PBXGroup;
			children = (
				F9E20D85234886930068EBB4 /* RevoultTest.app */,
				F9788AC12351E84800BC884C /* RevoultTestTests.xctest */,
			);
			name = Products;
			sourceTree = "<group>";
		};
		F9E20D87234886930068EBB4 /* RevoultTest */ = {
			isa = PBXGroup;
			children = (
				F9E20D88234886930068EBB4 /* AppDelegate.swift */,
				F95D0C3C23489041004A44EF /* SceneDelegate.swift */,
				F9E20D8E234886930068EBB4 /* Main.storyboard */,
				F9E20D94234886950068EBB4 /* Assets.xcassets */,
				F9E20D96234886960068EBB4 /* LaunchScreen.storyboard */,
				F9E20D99234886960068EBB4 /* Info.plist */,
				F9E20D91234886930068EBB4 /* RevoultTest.xcdatamodeld */,
				F94116F92348C40700E8825C /* currencies.json */,
				F95D0C3B23488F7D004A44EF /* Controllers */,
				F94117012349085600E8825C /* Cell */,
				F94116E82348A7B400E8825C /* Model */,
				F94116F62348AFAE00E8825C /* ViewModel */,
				F95D0C382348882A004A44EF /* Services */,
				F94116F32348A9E600E8825C /* Helper */,
			);
			path = RevoultTest;
			sourceTree = "<group>";
		};
/* End PBXGroup section */

/* Begin PBXNativeTarget section */
		F9788AC02351E84800BC884C /* RevoultTestTests */ = {
			isa = PBXNativeTarget;
			buildConfigurationList = F9788ACA2351E84800BC884C /* Build configuration list for PBXNativeTarget "RevoultTestTests" */;
			buildPhases = (
				F9788ABD2351E84800BC884C /* Sources */,
				F9788ABE2351E84800BC884C /* Frameworks */,
				F9788ABF2351E84800BC884C /* Resources */,
			);
			buildRules = (
			);
			dependencies = (
				F9788AC72351E84800BC884C /* PBXTargetDependency */,
			);
			name = RevoultTestTests;
			productName = RevoultTestTests;
			productReference = F9788AC12351E84800BC884C /* RevoultTestTests.xctest */;
			productType = "com.apple.product-type.bundle.unit-test";
		};
		F9E20D84234886930068EBB4 /* RevoultTest */ = {
			isa = PBXNativeTarget;
			buildConfigurationList = F9E20D9C234886960068EBB4 /* Build configuration list for PBXNativeTarget "RevoultTest" */;
			buildPhases = (
				F9E20D81234886930068EBB4 /* Sources */,
				F9E20D82234886930068EBB4 /* Frameworks */,
				F9E20D83234886930068EBB4 /* Resources */,
			);
			buildRules = (
			);
			dependencies = (
			);
			name = RevoultTest;
			productName = RevoultTest;
			productReference = F9E20D85234886930068EBB4 /* RevoultTest.app */;
			productType = "com.apple.product-type.application";
		};
/* End PBXNativeTarget section */

/* Begin PBXProject section */
		F9E20D7D234886930068EBB4 /* Project object */ = {
			isa = PBXProject;
			attributes = {
				LastSwiftUpdateCheck = 1100;
				LastUpgradeCheck = 1100;
				ORGANIZATIONNAME = "Kishor Pahalwani";
				TargetAttributes = {
					F9788AC02351E84800BC884C = {
						CreatedOnToolsVersion = 11.0;
						TestTargetID = F9E20D84234886930068EBB4;
					};
					F9E20D84234886930068EBB4 = {
						CreatedOnToolsVersion = 11.0;
					};
				};
			};
			buildConfigurationList = F9E20D80234886930068EBB4 /* Build configuration list for PBXProject "RevoultTest" */;
			compatibilityVersion = "Xcode 9.3";
			developmentRegion = en;
			hasScannedForEncodings = 0;
			knownRegions = (
				en,
				Base,
			);
			mainGroup = F9E20D7C234886930068EBB4;
			productRefGroup = F9E20D86234886930068EBB4 /* Products */;
			projectDirPath = "";
			projectRoot = "";
			targets = (
				F9E20D84234886930068EBB4 /* RevoultTest */,
				F9788AC02351E84800BC884C /* RevoultTestTests */,
			);
		};
/* End PBXProject section */

/* Begin PBXResourcesBuildPhase section */
		F9788ABF2351E84800BC884C /* Resources */ = {
			isa = PBXResourcesBuildPhase;
			buildActionMask = 2147483647;
			files = (
			);
			runOnlyForDeploymentPostprocessing = 0;
		};
		F9E20D83234886930068EBB4 /* Resources */ = {
			isa = PBXResourcesBuildPhase;
			buildActionMask = 2147483647;
			files = (
				F99EA9C22349E67D004999D4 /* RateConverterCell.xib in Resources */,
				F9E20D98234886960068EBB4 /* LaunchScreen.storyboard in Resources */,
				F9E20D95234886950068EBB4 /* Assets.xcassets in Resources */,
				F94117002348F2B200E8825C /* Roboto-Regular.ttf in Resources */,
				F94116FA2348C40700E8825C /* currencies.json in Resources */,
				F9E20D90234886930068EBB4 /* Main.storyboard in Resources */,
			);
			runOnlyForDeploymentPostprocessing = 0;
		};
/* End PBXResourcesBuildPhase section */

/* Begin PBXSourcesBuildPhase section */
		F9788ABD2351E84800BC884C /* Sources */ = {
			isa = PBXSourcesBuildPhase;
			buildActionMask = 2147483647;
			files = (
				F9788AC42351E84800BC884C /* RevoultTestTests.swift in Sources */,
			);
			runOnlyForDeploymentPostprocessing = 0;
		};
		F9E20D81234886930068EBB4 /* Sources */ = {
			isa = PBXSourcesBuildPhase;
			buildActionMask = 2147483647;
			files = (
				F94117032349087F00E8825C /* CurrencyConverterCell.swift in Sources */,
				F95D0C3A23488F76004A44EF /* CurrencyConverterViewController.swift in Sources */,
				F94116FC2348CFC700E8825C /* ProgressIndicator.swift in Sources */,
				F9E20D93234886930068EBB4 /* RevoultTest.xcdatamodeld in Sources */,
				F94116F82348B02300E8825C /* CurrencyCountryViewModel.swift in Sources */,
				F9E20D89234886930068EBB4 /* AppDelegate.swift in Sources */,
				F99EA9C12349E67D004999D4 /* RateConverterCell.swift in Sources */,
				F94116E72348A54400E8825C /* CurrencyCountryViewController.swift in Sources */,
				F94116F22348A99B00E8825C /* NetworkManager.swift in Sources */,
				F924B9E22350C217004612B5 /* DBService.swift in Sources */,
				F94117072349205500E8825C /* RateConverterViewModel.swift in Sources */,
				F94116F52348A9F300E8825C /* Helper.swift in Sources */,
				F94116EA2348A7D500E8825C /* CurrencyCountryModel.swift in Sources */,
				F941170523491EB700E8825C /* RateConverterModel.swift in Sources */,
				F95D0C3D23489041004A44EF /* SceneDelegate.swift in Sources */,
				F94116F02348A97700E8825C /* NetworkRouter.swift in Sources */,
				F94116FE2348DC6C00E8825C /* Constant.swift in Sources */,
			);
			runOnlyForDeploymentPostprocessing = 0;
		};
/* End PBXSourcesBuildPhase section */

/* Begin PBXTargetDependency section */
		F9788AC72351E84800BC884C /* PBXTargetDependency */ = {
			isa = PBXTargetDependency;
			target = F9E20D84234886930068EBB4 /* RevoultTest */;
			targetProxy = F9788AC62351E84800BC884C /* PBXContainerItemProxy */;
		};
/* End PBXTargetDependency section */

/* Begin PBXVariantGroup section */
		F9E20D8E234886930068EBB4 /* Main.storyboard */ = {
			isa = PBXVariantGroup;
			children = (
				F9E20D8F234886930068EBB4 /* Base */,
			);
			name = Main.storyboard;
			sourceTree = "<group>";
		};
		F9E20D96234886960068EBB4 /* LaunchScreen.storyboard */ = {
			isa = PBXVariantGroup;
			children = (
				F9E20D97234886960068EBB4 /* Base */,
			);
			name = LaunchScreen.storyboard;
			sourceTree = "<group>";
		};
/* End PBXVariantGroup section */

/* Begin XCBuildConfiguration section */
		F9788AC82351E84800BC884C /* Debug */ = {
			isa = XCBuildConfiguration;
			buildSettings = {
				BUNDLE_LOADER = "$(TEST_HOST)";
				CODE_SIGN_STYLE = Automatic;
				INFOPLIST_FILE = RevoultTestTests/Info.plist;
				LD_RUNPATH_SEARCH_PATHS = (
					"$(inherited)",
					"@executable_path/Frameworks",
					"@loader_path/Frameworks",
				);
				PRODUCT_BUNDLE_IDENTIFIER = com.impelsys.RevoultTestTests;
				PRODUCT_NAME = "$(TARGET_NAME)";
				SWIFT_VERSION = 5.0;
				TARGETED_DEVICE_FAMILY = "1,2";
				TEST_HOST = "$(BUILT_PRODUCTS_DIR)/RevoultTest.app/RevoultTest";
			};
			name = Debug;
		};
		F9788AC92351E84800BC884C /* Release */ = {
			isa = XCBuildConfiguration;
			buildSettings = {
				BUNDLE_LOADER = "$(TEST_HOST)";
				CODE_SIGN_STYLE = Automatic;
				INFOPLIST_FILE = RevoultTestTests/Info.plist;
				LD_RUNPATH_SEARCH_PATHS = (
					"$(inherited)",
					"@executable_path/Frameworks",
					"@loader_path/Frameworks",
				);
				PRODUCT_BUNDLE_IDENTIFIER = com.impelsys.RevoultTestTests;
				PRODUCT_NAME = "$(TARGET_NAME)";
				SWIFT_VERSION = 5.0;
				TARGETED_DEVICE_FAMILY = "1,2";
				TEST_HOST = "$(BUILT_PRODUCTS_DIR)/RevoultTest.app/RevoultTest";
			};
			name = Release;
		};
		F9E20D9A234886960068EBB4 /* Debug */ = {
			isa = XCBuildConfiguration;
			buildSettings = {
				ALWAYS_SEARCH_USER_PATHS = NO;
				CLANG_ANALYZER_NONNULL = YES;
				CLANG_ANALYZER_NUMBER_OBJECT_CONVERSION = YES_AGGRESSIVE;
				CLANG_CXX_LANGUAGE_STANDARD = "gnu++14";
				CLANG_CXX_LIBRARY = "libc++";
				CLANG_ENABLE_MODULES = YES;
				CLANG_ENABLE_OBJC_ARC = YES;
				CLANG_ENABLE_OBJC_WEAK = YES;
				CLANG_WARN_BLOCK_CAPTURE_AUTORELEASING = YES;
				CLANG_WARN_BOOL_CONVERSION = YES;
				CLANG_WARN_COMMA = YES;
				CLANG_WARN_CONSTANT_CONVERSION = YES;
				CLANG_WARN_DEPRECATED_OBJC_IMPLEMENTATIONS = YES;
				CLANG_WARN_DIRECT_OBJC_ISA_USAGE = YES_ERROR;
				CLANG_WARN_DOCUMENTATION_COMMENTS = YES;
				CLANG_WARN_EMPTY_BODY = YES;
				CLANG_WARN_ENUM_CONVERSION = YES;
				CLANG_WARN_INFINITE_RECURSION = YES;
				CLANG_WARN_INT_CONVERSION = YES;
				CLANG_WARN_NON_LITERAL_NULL_CONVERSION = YES;
				CLANG_WARN_OBJC_IMPLICIT_RETAIN_SELF = YES;
				CLANG_WARN_OBJC_LITERAL_CONVERSION = YES;
				CLANG_WARN_OBJC_ROOT_CLASS = YES_ERROR;
				CLANG_WARN_RANGE_LOOP_ANALYSIS = YES;
				CLANG_WARN_STRICT_PROTOTYPES = YES;
				CLANG_WARN_SUSPICIOUS_MOVE = YES;
				CLANG_WARN_UNGUARDED_AVAILABILITY = YES_AGGRESSIVE;
				CLANG_WARN_UNREACHABLE_CODE = YES;
				CLANG_WARN__DUPLICATE_METHOD_MATCH = YES;
				COPY_PHASE_STRIP = NO;
				DEBUG_INFORMATION_FORMAT = dwarf;
				ENABLE_STRICT_OBJC_MSGSEND = YES;
				ENABLE_TESTABILITY = YES;
				GCC_C_LANGUAGE_STANDARD = gnu11;
				GCC_DYNAMIC_NO_PIC = NO;
				GCC_NO_COMMON_BLOCKS = YES;
				GCC_OPTIMIZATION_LEVEL = 0;
				GCC_PREPROCESSOR_DEFINITIONS = (
					"DEBUG=1",
					"$(inherited)",
				);
				GCC_WARN_64_TO_32_BIT_CONVERSION = YES;
				GCC_WARN_ABOUT_RETURN_TYPE = YES_ERROR;
				GCC_WARN_UNDECLARED_SELECTOR = YES;
				GCC_WARN_UNINITIALIZED_AUTOS = YES_AGGRESSIVE;
				GCC_WARN_UNUSED_FUNCTION = YES;
				GCC_WARN_UNUSED_VARIABLE = YES;
				IPHONEOS_DEPLOYMENT_TARGET = 13.0;
				MTL_ENABLE_DEBUG_INFO = INCLUDE_SOURCE;
				MTL_FAST_MATH = YES;
				ONLY_ACTIVE_ARCH = YES;
				SDKROOT = iphoneos;
				SWIFT_ACTIVE_COMPILATION_CONDITIONS = DEBUG;
				SWIFT_OPTIMIZATION_LEVEL = "-Onone";
			};
			name = Debug;
		};
		F9E20D9B234886960068EBB4 /* Release */ = {
			isa = XCBuildConfiguration;
			buildSettings = {
				ALWAYS_SEARCH_USER_PATHS = NO;
				CLANG_ANALYZER_NONNULL = YES;
				CLANG_ANALYZER_NUMBER_OBJECT_CONVERSION = YES_AGGRESSIVE;
				CLANG_CXX_LANGUAGE_STANDARD = "gnu++14";
				CLANG_CXX_LIBRARY = "libc++";
				CLANG_ENABLE_MODULES = YES;
				CLANG_ENABLE_OBJC_ARC = YES;
				CLANG_ENABLE_OBJC_WEAK = YES;
				CLANG_WARN_BLOCK_CAPTURE_AUTORELEASING = YES;
				CLANG_WARN_BOOL_CONVERSION = YES;
				CLANG_WARN_COMMA = YES;
				CLANG_WARN_CONSTANT_CONVERSION = YES;
				CLANG_WARN_DEPRECATED_OBJC_IMPLEMENTATIONS = YES;
				CLANG_WARN_DIRECT_OBJC_ISA_USAGE = YES_ERROR;
				CLANG_WARN_DOCUMENTATION_COMMENTS = YES;
				CLANG_WARN_EMPTY_BODY = YES;
				CLANG_WARN_ENUM_CONVERSION = YES;
				CLANG_WARN_INFINITE_RECURSION = YES;
				CLANG_WARN_INT_CONVERSION = YES;
				CLANG_WARN_NON_LITERAL_NULL_CONVERSION = YES;
				CLANG_WARN_OBJC_IMPLICIT_RETAIN_SELF = YES;
				CLANG_WARN_OBJC_LITERAL_CONVERSION = YES;
				CLANG_WARN_OBJC_ROOT_CLASS = YES_ERROR;
				CLANG_WARN_RANGE_LOOP_ANALYSIS = YES;
				CLANG_WARN_STRICT_PROTOTYPES = YES;
				CLANG_WARN_SUSPICIOUS_MOVE = YES;
				CLANG_WARN_UNGUARDED_AVAILABILITY = YES_AGGRESSIVE;
				CLANG_WARN_UNREACHABLE_CODE = YES;
				CLANG_WARN__DUPLICATE_METHOD_MATCH = YES;
				COPY_PHASE_STRIP = NO;
				DEBUG_INFORMATION_FORMAT = "dwarf-with-dsym";
				ENABLE_NS_ASSERTIONS = NO;
				ENABLE_STRICT_OBJC_MSGSEND = YES;
				GCC_C_LANGUAGE_STANDARD = gnu11;
				GCC_NO_COMMON_BLOCKS = YES;
				GCC_WARN_64_TO_32_BIT_CONVERSION = YES;
				GCC_WARN_ABOUT_RETURN_TYPE = YES_ERROR;
				GCC_WARN_UNDECLARED_SELECTOR = YES;
				GCC_WARN_UNINITIALIZED_AUTOS = YES_AGGRESSIVE;
				GCC_WARN_UNUSED_FUNCTION = YES;
				GCC_WARN_UNUSED_VARIABLE = YES;
				IPHONEOS_DEPLOYMENT_TARGET = 13.0;
				MTL_ENABLE_DEBUG_INFO = NO;
				MTL_FAST_MATH = YES;
				SDKROOT = iphoneos;
				SWIFT_COMPILATION_MODE = wholemodule;
				SWIFT_OPTIMIZATION_LEVEL = "-O";
				VALIDATE_PRODUCT = YES;
			};
			name = Release;
		};
		F9E20D9D234886960068EBB4 /* Debug */ = {
			isa = XCBuildConfiguration;
			buildSettings = {
				ASSETCATALOG_COMPILER_APPICON_NAME = AppIcon;
				CODE_SIGN_STYLE = Automatic;
				INFOPLIST_FILE = RevoultTest/Info.plist;
				LD_RUNPATH_SEARCH_PATHS = (
					"$(inherited)",
					"@executable_path/Frameworks",
				);
				PRODUCT_BUNDLE_IDENTIFIER = com.impelsys.RevoultTest;
				PRODUCT_NAME = "$(TARGET_NAME)";
				SWIFT_VERSION = 5.0;
				TARGETED_DEVICE_FAMILY = "1,2";
			};
			name = Debug;
		};
		F9E20D9E234886960068EBB4 /* Release */ = {
			isa = XCBuildConfiguration;
			buildSettings = {
				ASSETCATALOG_COMPILER_APPICON_NAME = AppIcon;
				CODE_SIGN_STYLE = Automatic;
				INFOPLIST_FILE = RevoultTest/Info.plist;
				LD_RUNPATH_SEARCH_PATHS = (
					"$(inherited)",
					"@executable_path/Frameworks",
				);
				PRODUCT_BUNDLE_IDENTIFIER = com.impelsys.RevoultTest;
				PRODUCT_NAME = "$(TARGET_NAME)";
				SWIFT_VERSION = 5.0;
				TARGETED_DEVICE_FAMILY = "1,2";
			};
			name = Release;
		};
/* End XCBuildConfiguration section */

/* Begin XCConfigurationList section */
		F9788ACA2351E84800BC884C /* Build configuration list for PBXNativeTarget "RevoultTestTests" */ = {
			isa = XCConfigurationList;
			buildConfigurations = (
				F9788AC82351E84800BC884C /* Debug */,
				F9788AC92351E84800BC884C /* Release */,
			);
			defaultConfigurationIsVisible = 0;
			defaultConfigurationName = Release;
		};
		F9E20D80234886930068EBB4 /* Build configuration list for PBXProject "RevoultTest" */ = {
			isa = XCConfigurationList;
			buildConfigurations = (
				F9E20D9A234886960068EBB4 /* Debug */,
				F9E20D9B234886960068EBB4 /* Release */,
			);
			defaultConfigurationIsVisible = 0;
			defaultConfigurationName = Release;
		};
		F9E20D9C234886960068EBB4 /* Build configuration list for PBXNativeTarget "RevoultTest" */ = {
			isa = XCConfigurationList;
			buildConfigurations = (
				F9E20D9D234886960068EBB4 /* Debug */,
				F9E20D9E234886960068EBB4 /* Release */,
			);
			defaultConfigurationIsVisible = 0;
			defaultConfigurationName = Release;
		};
/* End XCConfigurationList section */

/* Begin XCVersionGroup section */
		F9E20D91234886930068EBB4 /* RevoultTest.xcdatamodeld */ = {
			isa = XCVersionGroup;
			children = (
				F9E20D92234886930068EBB4 /* RevoultTest.xcdatamodel */,
			);
			currentVersion = F9E20D92234886930068EBB4 /* RevoultTest.xcdatamodel */;
			path = RevoultTest.xcdatamodeld;
			sourceTree = "<group>";
			versionGroupType = wrapper.xcdatamodel;
		};
/* End XCVersionGroup section */
	};
	rootObject = F9E20D7D234886930068EBB4 /* Project object */;
}
